
Microsoft Visual Studio Solution File, Format Version 12.00
# Visual Studio 14
VisualStudioVersion = 14.0.25420.1
MinimumVisualStudioVersion = 10.0.40219.1
Project("{FAE04EC0-301F-11D3-BF4B-00C04F79EFBC}") = "Delta.Performance", "Delta.Performance\Delta.Performance.csproj", "{0BDE6B79-4FDC-49AD-9415-886E631C34DE}"
EndProject
Project("{FAE04EC0-301F-11D3-BF4B-00C04F79EFBC}") = "TestApp", "TestApp\TestApp.csproj", "{985FE4F9-478F-4978-A446-985F6D4E6EB4}"
EndProject
Global
	GlobalSection(SolutionConfigurationPlatforms) = preSolution
		Debug|Any CPU = Debug|Any CPU
		Release|Any CPU = Release|Any CPU
	EndGlobalSection
	GlobalSection(ProjectConfigurationPlatforms) = postSolution
		{0BDE6B79-4FDC-49AD-9415-886E631C34DE}.Debug|Any CPU.ActiveCfg = Debug|Any CPU
		{0BDE6B79-4FDC-49AD-9415-886E631C34DE}.Debug|Any CPU.Build.0 = Debug|Any CPU
		{0BDE6B79-4FDC-49AD-9415-886E631C34DE}.Release|Any CPU.ActiveCfg = Release|Any CPU
		{0BDE6B79-4FDC-49AD-9415-886E631C34DE}.Release|Any CPU.Build.0 = Release|Any CPU
		{985FE4F9-478F-4978-A446-985F6D4E6EB4}.Debug|Any CPU.ActiveCfg = Debug|Any CPU
		{985FE4F9-478F-4978-A446-985F6D4E6EB4}.Debug|Any CPU.Build.0 = Debug|Any CPU
		{985FE4F9-478F-4978-A446-985F6D4E6EB4}.Release|Any CPU.ActiveCfg = Release|Any CPU
		{985FE4F9-478F-4978-A446-985F6D4E6EB4}.Release|Any CPU.Build.0 = Release|Any CPU
	EndGlobalSection
	GlobalSection(SolutionProperties) = preSolution
		HideSolutionNode = FALSE
	EndGlobalSection
EndGlobal
