
Microsoft Visual Studio Solution File, Format Version 12.00
# Visual Studio 15
VisualStudioVersion = 15.0.27703.2000
MinimumVisualStudioVersion = 10.0.40219.1
Project("{FAE04EC0-301F-11D3-BF4B-00C04F79EFBC}") = "NLogWpfApp", "NLogWpfApp\NLogWpfApp.csproj", "{03A9AB3F-71C1-495C-979F-5EF4A593A918}"
EndProject
Global
	GlobalSection(SolutionConfigurationPlatforms) = preSolution
		Debug|Any CPU = Debug|Any CPU
		Release|Any CPU = Release|Any CPU
	EndGlobalSection
	GlobalSection(ProjectConfigurationPlatforms) = postSolution
		{03A9AB3F-71C1-495C-979F-5EF4A593A918}.Debug|Any CPU.ActiveCfg = Debug|Any CPU
		{03A9AB3F-71C1-495C-979F-5EF4A593A918}.Debug|Any CPU.Build.0 = Debug|Any CPU
		{03A9AB3F-71C1-495C-979F-5EF4A593A918}.Release|Any CPU.ActiveCfg = Release|Any CPU
		{03A9AB3F-71C1-495C-979F-5EF4A593A918}.Release|Any CPU.Build.0 = Release|Any CPU
	EndGlobalSection
	GlobalSection(SolutionProperties) = preSolution
		HideSolutionNode = FALSE
	EndGlobalSection
	GlobalSection(ExtensibilityGlobals) = postSolution
		SolutionGuid = {387DD118-2265-48D3-833E-9DD72C838A91}
	EndGlobalSection
EndGlobal
