
Microsoft Visual Studio Solution File, Format Version 12.00
# Visual Studio 15
VisualStudioVersion = 15.0.27130.2010
MinimumVisualStudioVersion = 10.0.40219.1
Project("{FAE04EC0-301F-11D3-BF4B-00C04F79EFBC}") = "TestProgress", "TestProgress\TestProgress.csproj", "{9C12CA8C-0FF9-4347-81AE-A8F52A7B842C}"
EndProject
Global
	GlobalSection(SolutionConfigurationPlatforms) = preSolution
		Debug|Any CPU = Debug|Any CPU
		Release|Any CPU = Release|Any CPU
	EndGlobalSection
	GlobalSection(ProjectConfigurationPlatforms) = postSolution
		{9C12CA8C-0FF9-4347-81AE-A8F52A7B842C}.Debug|Any CPU.ActiveCfg = Debug|Any CPU
		{9C12CA8C-0FF9-4347-81AE-A8F52A7B842C}.Debug|Any CPU.Build.0 = Debug|Any CPU
		{9C12CA8C-0FF9-4347-81AE-A8F52A7B842C}.Release|Any CPU.ActiveCfg = Release|Any CPU
		{9C12CA8C-0FF9-4347-81AE-A8F52A7B842C}.Release|Any CPU.Build.0 = Release|Any CPU
	EndGlobalSection
	GlobalSection(SolutionProperties) = preSolution
		HideSolutionNode = FALSE
	EndGlobalSection
	GlobalSection(ExtensibilityGlobals) = postSolution
		SolutionGuid = {9CFB626B-B747-47EF-9DF0-F1A7CB0A4AE4}
	EndGlobalSection
EndGlobal
