Microsoft Visual Studio Solution File, Format Version 12.00
# Visual Studio Version 17
VisualStudioVersion = 17.5.33424.131
MinimumVisualStudioVersion = 10.0.40219.1
Project("{FAE04EC0-301F-11D3-BF4B-00C04F79EFBC}") = "TPropertyGrid", "TPropertyGrid\TPropertyGrid.csproj", "{08EFCF42-5D2F-47E8-97C6-EE1D819809B3}"
EndProject
Project("{FAE04EC0-301F-11D3-BF4B-00C04F79EFBC}") = "TestApp", "TestApp\TestApp.csproj", "{24334AC5-00C4-4A54-841D-38233825F40A}"
EndProject
Global
	GlobalSection(SolutionConfigurationPlatforms) = preSolution
		Debug|Any CPU = Debug|Any CPU
		Release|Any CPU = Release|Any CPU
	EndGlobalSection
	GlobalSection(ProjectConfigurationPlatforms) = postSolution
		{08EFCF42-5D2F-47E8-97C6-EE1D819809B3}.Debug|Any CPU.ActiveCfg = Debug|Any CPU
		{08EFCF42-5D2F-47E8-97C6-EE1D819809B3}.Debug|Any CPU.Build.0 = Debug|Any CPU
		{08EFCF42-5D2F-47E8-97C6-EE1D819809B3}.Release|Any CPU.ActiveCfg = Release|Any CPU
		{08EFCF42-5D2F-47E8-97C6-EE1D819809B3}.Release|Any CPU.Build.0 = Release|Any CPU
		{24334AC5-00C4-4A54-841D-38233825F40A}.Debug|Any CPU.ActiveCfg = Debug|Any CPU
		{24334AC5-00C4-4A54-841D-38233825F40A}.Debug|Any CPU.Build.0 = Debug|Any CPU
		{24334AC5-00C4-4A54-841D-38233825F40A}.Release|Any CPU.ActiveCfg = Release|Any CPU
		{24334AC5-00C4-4A54-841D-38233825F40A}.Release|Any CPU.Build.0 = Release|Any CPU
	EndGlobalSection
	GlobalSection(SolutionProperties) = preSolution
		HideSolutionNode = FALSE
	EndGlobalSection
	GlobalSection(ExtensibilityGlobals) = postSolution
		SolutionGuid = {0E849D5F-883C-4F41-B914-9913E7B4E831}
	EndGlobalSection
EndGlobal
