
Microsoft Visual Studio Solution File, Format Version 12.00
# Visual Studio Version 17
VisualStudioVersion = 17.8.34309.116
MinimumVisualStudioVersion = 10.0.40219.1
Project("{FAE04EC0-301F-11D3-BF4B-00C04F79EFBC}") = "MinMaxTest", "MinMaxTest.csproj", "{2764E1F4-A5F5-43F2-A5A1-05FDCE427908}"
EndProject
Global
	GlobalSection(SolutionConfigurationPlatforms) = preSolution
		Debug|Any CPU = Debug|Any CPU
		Release|Any CPU = Release|Any CPU
	EndGlobalSection
	GlobalSection(ProjectConfigurationPlatforms) = postSolution
		{2764E1F4-A5F5-43F2-A5A1-05FDCE427908}.Debug|Any CPU.ActiveCfg = Debug|Any CPU
		{2764E1F4-A5F5-43F2-A5A1-05FDCE427908}.Debug|Any CPU.Build.0 = Debug|Any CPU
		{2764E1F4-A5F5-43F2-A5A1-05FDCE427908}.Release|Any CPU.ActiveCfg = Release|Any CPU
		{2764E1F4-A5F5-43F2-A5A1-05FDCE427908}.Release|Any CPU.Build.0 = Release|Any CPU
	EndGlobalSection
	GlobalSection(SolutionProperties) = preSolution
		HideSolutionNode = FALSE
	EndGlobalSection
	GlobalSection(ExtensibilityGlobals) = postSolution
		SolutionGuid = {77F5BE6C-768E-4A37-A7AE-5A1E6B8B0155}
	EndGlobalSection
EndGlobal
